
Microsoft Visual Studio Solution File, Format Version 12.00
# Visual Studio Version 17
VisualStudioVersion = 17.0.31903.59
MinimumVisualStudioVersion = 10.0.40219.1
Project("{FAE04EC0-301F-11D3-BF4B-00C04F79EFBC}") = "Method", "Method\Method.csproj", "{6167D90D-B840-4FA4-86F2-A7D80B4FFF59}"
EndProject
Global
	GlobalSection(SolutionConfigurationPlatforms) = preSolution
		Debug|Any CPU = Debug|Any CPU
		Release|Any CPU = Release|Any CPU
	EndGlobalSection
	GlobalSection(ProjectConfigurationPlatforms) = postSolution
		{6167D90D-B840-4FA4-86F2-A7D80B4FFF59}.Debug|Any CPU.ActiveCfg = Debug|Any CPU
		{6167D90D-B840-4FA4-86F2-A7D80B4FFF59}.Debug|Any CPU.Build.0 = Debug|Any CPU
		{6167D90D-B840-4FA4-86F2-A7D80B4FFF59}.Release|Any CPU.ActiveCfg = Release|Any CPU
		{6167D90D-B840-4FA4-86F2-A7D80B4FFF59}.Release|Any CPU.Build.0 = Release|Any CPU
	EndGlobalSection
	GlobalSection(SolutionProperties) = preSolution
		HideSolutionNode = FALSE
	EndGlobalSection
	GlobalSection(ExtensibilityGlobals) = postSolution
		SolutionGuid = {6A372520-AAF2-453A-8247-F87A72E0C3B5}
	EndGlobalSection
EndGlobal
